<?xml version="1.0" encoding="utf-8"?>
<Project ToolsVersion="4.0" xmlns="http://schemas.microsoft.com/developer/msbuild/2003">
  <ItemGroup>
    <Filter Include="Source Files">
      <UniqueIdentifier>{4FC737F1-C7A5-4376-A066-2A32D752A2FF}</UniqueIdentifier>
      <Extensions>cpp;c;cc;cxx;def;odl;idl;hpj;bat;asm;asmx</Extensions>
    </Filter>
    <Filter Include="Header Files">
      <UniqueIdentifier>{93995380-89BD-4b04-88EB-625FBE52EBFB}</UniqueIdentifier>
      <Extensions>h;hh;hpp;hxx;hm;inl;inc;ipp;xsd</Extensions>
    </Filter>
    <Filter Include="Resource Files">
      <UniqueIdentifier>{67DA6AB6-F800-4c08-8B7A-83BB121AAD01}</UniqueIdentifier>
      <Extensions>rc;ico;cur;bmp;dlg;rc2;rct;bin;rgs;gif;jpg;jpeg;jpe;resx;tiff;tif;png;wav;mfcribbon-ms</Extensions>
    </Filter>
  </ItemGroup>
  <ItemGroup>
    <ClCompile Include="Kmeans.cpp">
      <Filter>Source Files</Filter>
    </ClCompile>
    <ClCompile Include="Main.cpp">
      <Filter>Source Files</Filter>
    </ClCompile>
    <ClCompile Include="Point.cpp">
      <Filter>Source Files</Filter>
    </ClCompile>
  </ItemGroup>
  <ItemGroup>
    <ClInclude Include="Kmeans.h">
      <Filter>Header Files</Filter>
    </ClInclude>
    <ClInclude Include="Point.h">
      <Filter>Header Files</Filter>
    </ClInclude>
  </ItemGroup>
  <ItemGroup>
    <Text Include="ecoli.txt" />
    <Text Include="glass.txt" />
    <Text Include="ionosphere.txt" />
    <Text Include="iris_bezdek.txt" />
    <Text Include="landsat.txt" />
    <Text Include="letter_recognition.txt" />
    <Text Include="segmentation.txt" />
    <Text Include="vehicle.txt" />
    <Text Include="wine.txt" />
    <Text Include="yeast.txt" />
    <Text Include="Debug\ecoli.txt" />
    <Text Include="Debug\glass.txt" />
    <Text Include="Debug\ionosphere.txt" />
    <Text Include="Debug\iris_bezdek.txt" />
    <Text Include="Debug\KmeansCluster.log" />
    <Text Include="Debug\landsat.txt" />
    <Text Include="Debug\letter_recognition.txt" />
    <Text Include="Debug\segmentation.txt" />
    <Text Include="Debug\vehicle.txt" />
    <Text Include="Debug\wine.txt" />
    <Text Include="Debug\yeast.txt" />
  </ItemGroup>
  <ItemGroup>
    <Object Include="Debug\Kmeans.obj" />
    <Object Include="Debug\Main.obj" />
    <Object Include="Debug\Point.obj" />
  </ItemGroup>
  <ItemGroup>
    <None Include="Debug\vc142.idb" />
    <None Include="Debug\vc142.pdb" />
  </ItemGroup>
</Project>